// !$*UTF8*$!
{
	archiveVersion = 1;
	classes = {
	};
	objectVersion = 46;
	objects = {

/* Begin PBXBuildFile section */
		1E71DCCE1E1AEC4C00463245 /* AppDelegate.swift in Sources */ = {isa = PBXBuildFile; fileRef = 1E71DCCD1E1AEC4C00463245 /* AppDelegate.swift */; };
		1E71DCD01E1AEC4C00463245 /* ViewController.swift in Sources */ = {isa = PBXBuildFile; fileRef = 1E71DCCF1E1AEC4C00463245 /* ViewController.swift */; };
		1E71DCD31E1AEC4C00463245 /* Main.storyboard in Resources */ = {isa = PBXBuildFile; fileRef = 1E71DCD11E1AEC4C00463245 /* Main.storyboard */; };
		1E71DCD51E1AEC4C00463245 /* Assets.xcassets in Resources */ = {isa = PBXBuildFile; fileRef = 1E71DCD41E1AEC4C00463245 /* Assets.xcassets */; };
		1E71DCD81E1AEC4C00463245 /* LaunchScreen.storyboard in Resources */ = {isa = PBXBuildFile; fileRef = 1E71DCD61E1AEC4C00463245 /* LaunchScreen.storyboard */; };
		1E71DCE31E1AEC4D00463245 /* NewNotifications__Udemy_Tests.swift in Sources */ = {isa = PBXBuildFile; fileRef = 1E71DCE21E1AEC4D00463245 /* NewNotifications__Udemy_Tests.swift */; };
/* End PBXBuildFile section */

/* Begin PBXContainerItemProxy section */
		1E71DCDF1E1AEC4D00463245 /* PBXContainerItemProxy */ = {
			isa = PBXContainerItemProxy;
			containerPortal = 1E71DCC21E1AEC4C00463245 /* Project object */;
			proxyType = 1;
			remoteGlobalIDString = 1E71DCC91E1AEC4C00463245;
			remoteInfo = "NewNotifications (Udemy)";
		};
/* End PBXContainerItemProxy section */

/* Begin PBXFileReference section */
		1E71DCCA1E1AEC4C00463245 /* NewNotifications (Udemy).app */ = {isa = PBXFileReference; explicitFileType = wrapper.application; includeInIndex = 0; path = "NewNotifications (Udemy).app"; sourceTree = BUILT_PRODUCTS_DIR; };
		1E71DCCD1E1AEC4C00463245 /* AppDelegate.swift */ = {isa = PBXFileReference; lastKnownFileType = sourcecode.swift; path = AppDelegate.swift; sourceTree = "<group>"; };
		1E71DCCF1E1AEC4C00463245 /* ViewController.swift */ = {isa = PBXFileReference; lastKnownFileType = sourcecode.swift; path = ViewController.swift; sourceTree = "<group>"; };
		1E71DCD21E1AEC4C00463245 /* Base */ = {isa = PBXFileReference; lastKnownFileType = file.storyboard; name = Base; path = Base.lproj/Main.storyboard; sourceTree = "<group>"; };
		1E71DCD41E1AEC4C00463245 /* Assets.xcassets */ = {isa = PBXFileReference; lastKnownFileType = folder.assetcatalog; path = Assets.xcassets; sourceTree = "<group>"; };
		1E71DCD71E1AEC4C00463245 /* Base */ = {isa = PBXFileReference; lastKnownFileType = file.storyboard; name = Base; path = Base.lproj/LaunchScreen.storyboard; sourceTree = "<group>"; };
		1E71DCD91E1AEC4C00463245 /* Info.plist */ = {isa = PBXFileReference; lastKnownFileType = text.plist.xml; path = Info.plist; sourceTree = "<group>"; };
		1E71DCDE1E1AEC4D00463245 /* NewNotifications (Udemy)Tests.xctest */ = {isa = PBXFileReference; explicitFileType = wrapper.cfbundle; includeInIndex = 0; path = "NewNotifications (Udemy)Tests.xctest"; sourceTree = BUILT_PRODUCTS_DIR; };
		1E71DCE21E1AEC4D00463245 /* NewNotifications__Udemy_Tests.swift */ = {isa = PBXFileReference; lastKnownFileType = sourcecode.swift; path = NewNotifications__Udemy_Tests.swift; sourceTree = "<group>"; };
		1E71DCE41E1AEC4D00463245 /* Info.plist */ = {isa = PBXFileReference; lastKnownFileType = text.plist.xml; path = Info.plist; sourceTree = "<group>"; };
/* End PBXFileReference section */

/* Begin PBXFrameworksBuildPhase section */
		1E71DCC71E1AEC4C00463245 /* Frameworks */ = {
			isa = PBXFrameworksBuildPhase;
			buildActionMask = 2147483647;
			files = (
			);
			runOnlyForDeploymentPostprocessing = 0;
		};
		1E71DCDB1E1AEC4D00463245 /* Frameworks */ = {
			isa = PBXFrameworksBuildPhase;
			buildActionMask = 2147483647;
			files = (
			);
			runOnlyForDeploymentPostprocessing = 0;
		};
/* End PBXFrameworksBuildPhase section */

/* Begin PBXGroup section */
		1E71DCC11E1AEC4C00463245 = {
			isa = PBXGroup;
			children = (
				1E71DCCC1E1AEC4C00463245 /* NewNotifications (Udemy) */,
				1E71DCE11E1AEC4D00463245 /* NewNotifications (Udemy)Tests */,
				1E71DCCB1E1AEC4C00463245 /* Products */,
			);
			sourceTree = "<group>";
		};
		1E71DCCB1E1AEC4C00463245 /* Products */ = {
			isa = PBXGroup;
			children = (
				1E71DCCA1E1AEC4C00463245 /* NewNotifications (Udemy).app */,
				1E71DCDE1E1AEC4D00463245 /* NewNotifications (Udemy)Tests.xctest */,
			);
			name = Products;
			sourceTree = "<group>";
		};
		1E71DCCC1E1AEC4C00463245 /* NewNotifications (Udemy) */ = {
			isa = PBXGroup;
			children = (
				1E71DCCD1E1AEC4C00463245 /* AppDelegate.swift */,
				1E71DCCF1E1AEC4C00463245 /* ViewController.swift */,
				1E71DCD11E1AEC4C00463245 /* Main.storyboard */,
				1E71DCD41E1AEC4C00463245 /* Assets.xcassets */,
				1E71DCD61E1AEC4C00463245 /* LaunchScreen.storyboard */,
				1E71DCD91E1AEC4C00463245 /* Info.plist */,
			);
			path = "NewNotifications (Udemy)";
			sourceTree = "<group>";
		};
		1E71DCE11E1AEC4D00463245 /* NewNotifications (Udemy)Tests */ = {
			isa = PBXGroup;
			children = (
				1E71DCE21E1AEC4D00463245 /* NewNotifications__Udemy_Tests.swift */,
				1E71DCE41E1AEC4D00463245 /* Info.plist */,
			);
			path = "NewNotifications (Udemy)Tests";
			sourceTree = "<group>";
		};
/* End PBXGroup section */

/* Begin PBXNativeTarget section */
		1E71DCC91E1AEC4C00463245 /* NewNotifications (Udemy) */ = {
			isa = PBXNativeTarget;
			buildConfigurationList = 1E71DCE71E1AEC4D00463245 /* Build configuration list for PBXNativeTarget "NewNotifications (Udemy)" */;
			buildPhases = (
				1E71DCC61E1AEC4C00463245 /* Sources */,
				1E71DCC71E1AEC4C00463245 /* Frameworks */,
				1E71DCC81E1AEC4C00463245 /* Resources */,
			);
			buildRules = (
			);
			dependencies = (
			);
			name = "NewNotifications (Udemy)";
			productName = "NewNotifications (Udemy)";
			productReference = 1E71DCCA1E1AEC4C00463245 /* NewNotifications (Udemy).app */;
			productType = "com.apple.product-type.application";
		};
		1E71DCDD1E1AEC4D00463245 /* NewNotifications (Udemy)Tests */ = {
			isa = PBXNativeTarget;
			buildConfigurationList = 1E71DCEA1E1AEC4D00463245 /* Build configuration list for PBXNativeTarget "NewNotifications (Udemy)Tests" */;
			buildPhases = (
				1E71DCDA1E1AEC4D00463245 /* Sources */,
				1E71DCDB1E1AEC4D00463245 /* Frameworks */,
				1E71DCDC1E1AEC4D00463245 /* Resources */,
			);
			buildRules = (
			);
			dependencies = (
				1E71DCE01E1AEC4D00463245 /* PBXTargetDependency */,
			);
			name = "NewNotifications (Udemy)Tests";
			productName = "NewNotifications (Udemy)Tests";
			productReference = 1E71DCDE1E1AEC4D00463245 /* NewNotifications (Udemy)Tests.xctest */;
			productType = "com.apple.product-type.bundle.unit-test";
		};
/* End PBXNativeTarget section */

/* Begin PBXProject section */
		1E71DCC21E1AEC4C00463245 /* Project object */ = {
			isa = PBXProject;
			attributes = {
				LastSwiftUpdateCheck = 0810;
				LastUpgradeCheck = 0810;
				ORGANIZATIONNAME = "Mahmoud SMGL";
				TargetAttributes = {
					1E71DCC91E1AEC4C00463245 = {
						CreatedOnToolsVersion = 8.1;
						DevelopmentTeam = 5PD448JSVP;
						ProvisioningStyle = Automatic;
					};
					1E71DCDD1E1AEC4D00463245 = {
						CreatedOnToolsVersion = 8.1;
						DevelopmentTeam = 5PD448JSVP;
						ProvisioningStyle = Automatic;
						TestTargetID = 1E71DCC91E1AEC4C00463245;
					};
				};
			};
			buildConfigurationList = 1E71DCC51E1AEC4C00463245 /* Build configuration list for PBXProject "NewNotifications (Udemy)" */;
			compatibilityVersion = "Xcode 3.2";
			developmentRegion = English;
			hasScannedForEncodings = 0;
			knownRegions = (
				en,
				Base,
			);
			mainGroup = 1E71DCC11E1AEC4C00463245;
			productRefGroup = 1E71DCCB1E1AEC4C00463245 /* Products */;
			projectDirPath = "";
			projectRoot = "";
			targets = (
				1E71DCC91E1AEC4C00463245 /* NewNotifications (Udemy) */,
				1E71DCDD1E1AEC4D00463245 /* NewNotifications (Udemy)Tests */,
			);
		};
/* End PBXProject section */

/* Begin PBXResourcesBuildPhase section */
		1E71DCC81E1AEC4C00463245 /* Resources */ = {
			isa = PBXResourcesBuildPhase;
			buildActionMask = 2147483647;
			files = (
				1E71DCD81E1AEC4C00463245 /* LaunchScreen.storyboard in Resources */,
				1E71DCD51E1AEC4C00463245 /* Assets.xcassets in Resources */,
				1E71DCD31E1AEC4C00463245 /* Main.storyboard in Resources */,
			);
			runOnlyForDeploymentPostprocessing = 0;
		};
		1E71DCDC1E1AEC4D00463245 /* Resources */ = {
			isa = PBXResourcesBuildPhase;
			buildActionMask = 2147483647;
			files = (
			);
			runOnlyForDeploymentPostprocessing = 0;
		};
/* End PBXResourcesBuildPhase section */

/* Begin PBXSourcesBuildPhase section */
		1E71DCC61E1AEC4C00463245 /* Sources */ = {
			isa = PBXSourcesBuildPhase;
			buildActionMask = 2147483647;
			files = (
				1E71DCD01E1AEC4C00463245 /* ViewController.swift in Sources */,
				1E71DCCE1E1AEC4C00463245 /* AppDelegate.swift in Sources */,
			);
			runOnlyForDeploymentPostprocessing = 0;
		};
		1E71DCDA1E1AEC4D00463245 /* Sources */ = {
			isa = PBXSourcesBuildPhase;
			buildActionMask = 2147483647;
			files = (
				1E71DCE31E1AEC4D00463245 /* NewNotifications__Udemy_Tests.swift in Sources */,
			);
			runOnlyForDeploymentPostprocessing = 0;
		};
/* End PBXSourcesBuildPhase section */

/* Begin PBXTargetDependency section */
		1E71DCE01E1AEC4D00463245 /* PBXTargetDependency */ = {
			isa = PBXTargetDependency;
			target = 1E71DCC91E1AEC4C00463245 /* NewNotifications (Udemy) */;
			targetProxy = 1E71DCDF1E1AEC4D00463245 /* PBXContainerItemProxy */;
		};
/* End PBXTargetDependency section */

/* Begin PBXVariantGroup section */
		1E71DCD11E1AEC4C00463245 /* Main.storyboard */ = {
			isa = PBXVariantGroup;
			children = (
				1E71DCD21E1AEC4C00463245 /* Base */,
			);
			name = Main.storyboard;
			sourceTree = "<group>";
		};
		1E71DCD61E1AEC4C00463245 /* LaunchScreen.storyboard */ = {
			isa = PBXVariantGroup;
			children = (
				1E71DCD71E1AEC4C00463245 /* Base */,
			);
			name = LaunchScreen.storyboard;
			sourceTree = "<group>";
		};
/* End PBXVariantGroup section */

/* Begin XCBuildConfiguration section */
		1E71DCE51E1AEC4D00463245 /* Debug */ = {
			isa = XCBuildConfiguration;
			buildSettings = {
				ALWAYS_SEARCH_USER_PATHS = NO;
				CLANG_ANALYZER_NONNULL = YES;
				CLANG_CXX_LANGUAGE_STANDARD = "gnu++0x";
				CLANG_CXX_LIBRARY = "libc++";
				CLANG_ENABLE_MODULES = YES;
				CLANG_ENABLE_OBJC_ARC = YES;
				CLANG_WARN_BOOL_CONVERSION = YES;
				CLANG_WARN_CONSTANT_CONVERSION = YES;
				CLANG_WARN_DIRECT_OBJC_ISA_USAGE = YES_ERROR;
				CLANG_WARN_DOCUMENTATION_COMMENTS = YES;
				CLANG_WARN_EMPTY_BODY = YES;
				CLANG_WARN_ENUM_CONVERSION = YES;
				CLANG_WARN_INFINITE_RECURSION = YES;
				CLANG_WARN_INT_CONVERSION = YES;
				CLANG_WARN_OBJC_ROOT_CLASS = YES_ERROR;
				CLANG_WARN_SUSPICIOUS_MOVES = YES;
				CLANG_WARN_UNREACHABLE_CODE = YES;
				CLANG_WARN__DUPLICATE_METHOD_MATCH = YES;
				"CODE_SIGN_IDENTITY[sdk=iphoneos*]" = "iPhone Developer";
				COPY_PHASE_STRIP = NO;
				DEBUG_INFORMATION_FORMAT = dwarf;
				ENABLE_STRICT_OBJC_MSGSEND = YES;
				ENABLE_TESTABILITY = YES;
				GCC_C_LANGUAGE_STANDARD = gnu99;
				GCC_DYNAMIC_NO_PIC = NO;
				GCC_NO_COMMON_BLOCKS = YES;
				GCC_OPTIMIZATION_LEVEL = 0;
				GCC_PREPROCESSOR_DEFINITIONS = (
					"DEBUG=1",
					"$(inherited)",
				);
				GCC_WARN_64_TO_32_BIT_CONVERSION = YES;
				GCC_WARN_ABOUT_RETURN_TYPE = YES_ERROR;
				GCC_WARN_UNDECLARED_SELECTOR = YES;
				GCC_WARN_UNINITIALIZED_AUTOS = YES_AGGRESSIVE;
				GCC_WARN_UNUSED_FUNCTION = YES;
				GCC_WARN_UNUSED_VARIABLE = YES;
				IPHONEOS_DEPLOYMENT_TARGET = 10.1;
				MTL_ENABLE_DEBUG_INFO = YES;
				ONLY_ACTIVE_ARCH = YES;
				SDKROOT = iphoneos;
				SWIFT_ACTIVE_COMPILATION_CONDITIONS = DEBUG;
				SWIFT_OPTIMIZATION_LEVEL = "-Onone";
				TARGETED_DEVICE_FAMILY = "1,2";
			};
			name = Debug;
		};
		1E71DCE61E1AEC4D00463245 /* Release */ = {
			isa = XCBuildConfiguration;
			buildSettings = {
				ALWAYS_SEARCH_USER_PATHS = NO;
				CLANG_ANALYZER_NONNULL = YES;
				CLANG_CXX_LANGUAGE_STANDARD = "gnu++0x";
				CLANG_CXX_LIBRARY = "libc++";
				CLANG_ENABLE_MODULES = YES;
				CLANG_ENABLE_OBJC_ARC = YES;
				CLANG_WARN_BOOL_CONVERSION = YES;
				CLANG_WARN_CONSTANT_CONVERSION = YES;
				CLANG_WARN_DIRECT_OBJC_ISA_USAGE = YES_ERROR;
				CLANG_WARN_DOCUMENTATION_COMMENTS = YES;
				CLANG_WARN_EMPTY_BODY = YES;
				CLANG_WARN_ENUM_CONVERSION = YES;
				CLANG_WARN_INFINITE_RECURSION = YES;
				CLANG_WARN_INT_CONVERSION = YES;
				CLANG_WARN_OBJC_ROOT_CLASS = YES_ERROR;
				CLANG_WARN_SUSPICIOUS_MOVES = YES;
				CLANG_WARN_UNREACHABLE_CODE = YES;
				CLANG_WARN__DUPLICATE_METHOD_MATCH = YES;
				"CODE_SIGN_IDENTITY[sdk=iphoneos*]" = "iPhone Developer";
				COPY_PHASE_STRIP = NO;
				DEBUG_INFORMATION_FORMAT = "dwarf-with-dsym";
				ENABLE_NS_ASSERTIONS = NO;
				ENABLE_STRICT_OBJC_MSGSEND = YES;
				GCC_C_LANGUAGE_STANDARD = gnu99;
				GCC_NO_COMMON_BLOCKS = YES;
				GCC_WARN_64_TO_32_BIT_CONVERSION = YES;
				GCC_WARN_ABOUT_RETURN_TYPE = YES_ERROR;
				GCC_WARN_UNDECLARED_SELECTOR = YES;
				GCC_WARN_UNINITIALIZED_AUTOS = YES_AGGRESSIVE;
				GCC_WARN_UNUSED_FUNCTION = YES;
				GCC_WARN_UNUSED_VARIABLE = YES;
				IPHONEOS_DEPLOYMENT_TARGET = 10.1;
				MTL_ENABLE_DEBUG_INFO = NO;
				SDKROOT = iphoneos;
				SWIFT_OPTIMIZATION_LEVEL = "-Owholemodule";
				TARGETED_DEVICE_FAMILY = "1,2";
				VALIDATE_PRODUCT = YES;
			};
			name = Release;
		};
		1E71DCE81E1AEC4D00463245 /* Debug */ = {
			isa = XCBuildConfiguration;
			buildSettings = {
				ASSETCATALOG_COMPILER_APPICON_NAME = AppIcon;
				DEVELOPMENT_TEAM = 5PD448JSVP;
				INFOPLIST_FILE = "NewNotifications (Udemy)/Info.plist";
				LD_RUNPATH_SEARCH_PATHS = "$(inherited) @executable_path/Frameworks";
				PRODUCT_BUNDLE_IDENTIFIER = "Mahmoud-SMGL.NewNotifications--Udemy-";
				PRODUCT_NAME = "$(TARGET_NAME)";
				SWIFT_VERSION = 3.0;
			};
			name = Debug;
		};
		1E71DCE91E1AEC4D00463245 /* Release */ = {
			isa = XCBuildConfiguration;
			buildSettings = {
				ASSETCATALOG_COMPILER_APPICON_NAME = AppIcon;
				DEVELOPMENT_TEAM = 5PD448JSVP;
				INFOPLIST_FILE = "NewNotifications (Udemy)/Info.plist";
				LD_RUNPATH_SEARCH_PATHS = "$(inherited) @executable_path/Frameworks";
				PRODUCT_BUNDLE_IDENTIFIER = "Mahmoud-SMGL.NewNotifications--Udemy-";
				PRODUCT_NAME = "$(TARGET_NAME)";
				SWIFT_VERSION = 3.0;
			};
			name = Release;
		};
		1E71DCEB1E1AEC4D00463245 /* Debug */ = {
			isa = XCBuildConfiguration;
			buildSettings = {
				ALWAYS_EMBED_SWIFT_STANDARD_LIBRARIES = YES;
				BUNDLE_LOADER = "$(TEST_HOST)";
				DEVELOPMENT_TEAM = 5PD448JSVP;
				INFOPLIST_FILE = "NewNotifications (Udemy)Tests/Info.plist";
				LD_RUNPATH_SEARCH_PATHS = "$(inherited) @executable_path/Frameworks @loader_path/Frameworks";
				PRODUCT_BUNDLE_IDENTIFIER = "Mahmoud-SMGL.NewNotifications--Udemy-Tests";
				PRODUCT_NAME = "$(TARGET_NAME)";
				SWIFT_VERSION = 3.0;
				TEST_HOST = "$(BUILT_PRODUCTS_DIR)/NewNotifications (Udemy).app/NewNotifications (Udemy)";
			};
			name = Debug;
		};
		1E71DCEC1E1AEC4D00463245 /* Release */ = {
			isa = XCBuildConfiguration;
			buildSettings = {
				ALWAYS_EMBED_SWIFT_STANDARD_LIBRARIES = YES;
				BUNDLE_LOADER = "$(TEST_HOST)";
				DEVELOPMENT_TEAM = 5PD448JSVP;
				INFOPLIST_FILE = "NewNotifications (Udemy)Tests/Info.plist";
				LD_RUNPATH_SEARCH_PATHS = "$(inherited) @executable_path/Frameworks @loader_path/Frameworks";
				PRODUCT_BUNDLE_IDENTIFIER = "Mahmoud-SMGL.NewNotifications--Udemy-Tests";
				PRODUCT_NAME = "$(TARGET_NAME)";
				SWIFT_VERSION = 3.0;
				TEST_HOST = "$(BUILT_PRODUCTS_DIR)/NewNotifications (Udemy).app/NewNotifications (Udemy)";
			};
			name = Release;
		};
/* End XCBuildConfiguration section */

/* Begin XCConfigurationList section */
		1E71DCC51E1AEC4C00463245 /* Build configuration list for PBXProject "NewNotifications (Udemy)" */ = {
			isa = XCConfigurationList;
			buildConfigurations = (
				1E71DCE51E1AEC4D00463245 /* Debug */,
				1E71DCE61E1AEC4D00463245 /* Release */,
			);
			defaultConfigurationIsVisible = 0;
			defaultConfigurationName = Release;
		};
		1E71DCE71E1AEC4D00463245 /* Build configuration list for PBXNativeTarget "NewNotifications (Udemy)" */ = {
			isa = XCConfigurationList;
			buildConfigurations = (
				1E71DCE81E1AEC4D00463245 /* Debug */,
				1E71DCE91E1AEC4D00463245 /* Release */,
			);
			defaultConfigurationIsVisible = 0;
		};
		1E71DCEA1E1AEC4D00463245 /* Build configuration list for PBXNativeTarget "NewNotifications (Udemy)Tests" */ = {
			isa = XCConfigurationList;
			buildConfigurations = (
				1E71DCEB1E1AEC4D00463245 /* Debug */,
				1E71DCEC1E1AEC4D00463245 /* Release */,
			);
			defaultConfigurationIsVisible = 0;
		};
/* End XCConfigurationList section */
	};
	rootObject = 1E71DCC21E1AEC4C00463245 /* Project object */;
}
